
Microsoft Visual Studio Solution File, Format Version 12.00
Project("{FAE04EC0-301F-11D3-BF4B-00C04F79EFBC}") = "ZombieRework-EXILED8", "ZombieRework-EXILED8\ZombieRework-EXILED8.csproj", "{5EC8766F-286F-445C-8C44-B70DD9F35017}"
EndProject
Global
	GlobalSection(SolutionConfigurationPlatforms) = preSolution
		Debug|Any CPU = Debug|Any CPU
		Release|Any CPU = Release|Any CPU
	EndGlobalSection
	GlobalSection(ProjectConfigurationPlatforms) = postSolution
		{5EC8766F-286F-445C-8C44-B70DD9F35017}.Debug|Any CPU.ActiveCfg = Debug|Any CPU
		{5EC8766F-286F-445C-8C44-B70DD9F35017}.Debug|Any CPU.Build.0 = Debug|Any CPU
		{5EC8766F-286F-445C-8C44-B70DD9F35017}.Release|Any CPU.ActiveCfg = Release|Any CPU
		{5EC8766F-286F-445C-8C44-B70DD9F35017}.Release|Any CPU.Build.0 = Release|Any CPU
	EndGlobalSection
EndGlobal
